
Microsoft Visual Studio Solution File, Format Version 12.00
# Visual Studio Version 17
VisualStudioVersion = 17.0.31903.59
MinimumVisualStudioVersion = 10.0.40219.1
Project("{2150E333-8FDC-42A3-9474-1A3956D46DE8}") = "src", "src", "{827E0CD3-B72D-47B6-A68D-7590B98EB39B}"
EndProject
Project("{FAE04EC0-301F-11D3-BF4B-00C04F79EFBC}") = "NexoCommerceAI.API", "src\NexoCommerceAI.API\NexoCommerceAI.API.csproj", "{1246C913-253E-4B55-830E-F272514BC4C3}"
EndProject
Project("{FAE04EC0-301F-11D3-BF4B-00C04F79EFBC}") = "NexoCommerceAI.Application", "src\NexoCommerceAI.Application\NexoCommerceAI.Application.csproj", "{2CAAC1BC-651C-4BD1-BB9E-567D7A70368B}"
EndProject
Project("{FAE04EC0-301F-11D3-BF4B-00C04F79EFBC}") = "NexoCommerceAI.Domain", "src\NexoCommerceAI.Domain\NexoCommerceAI.Domain.csproj", "{FA1D254C-9118-482A-81F6-A84966DA8CB2}"
EndProject
Project("{FAE04EC0-301F-11D3-BF4B-00C04F79EFBC}") = "NexoCommerceAI.Infrastructure", "src\NexoCommerceAI.Infrastructure\NexoCommerceAI.Infrastructure.csproj", "{43D17DC9-8701-495F-BB5F-2FE9EF9129ED}"
EndProject
Project("{2150E333-8FDC-42A3-9474-1A3956D46DE8}") = "tests", "tests", "{0AB3BF05-4346-4AA6-1389-037BE0695223}"
EndProject
Project("{FAE04EC0-301F-11D3-BF4B-00C04F79EFBC}") = "NexoCommerceAI.UnitTests", "tests\NexoCommerceAI.UnitTests\NexoCommerceAI.UnitTests.csproj", "{317C03D8-F7AB-47A5-B2CF-4179C65C9A14}"
EndProject
Project("{FAE04EC0-301F-11D3-BF4B-00C04F79EFBC}") = "NexoCommerceAI.IntegrationTests", "tests\NexoCommerceAI.IntegrationTests\NexoCommerceAI.IntegrationTests.csproj", "{4993DA4E-4627-47AB-920A-82F979D8B4A4}"
EndProject
Global
	GlobalSection(SolutionConfigurationPlatforms) = preSolution
		Debug|Any CPU = Debug|Any CPU
		Debug|x64 = Debug|x64
		Debug|x86 = Debug|x86
		Release|Any CPU = Release|Any CPU
		Release|x64 = Release|x64
		Release|x86 = Release|x86
	EndGlobalSection
	GlobalSection(ProjectConfigurationPlatforms) = postSolution
		{1246C913-253E-4B55-830E-F272514BC4C3}.Debug|Any CPU.ActiveCfg = Debug|Any CPU
		{1246C913-253E-4B55-830E-F272514BC4C3}.Debug|Any CPU.Build.0 = Debug|Any CPU
		{1246C913-253E-4B55-830E-F272514BC4C3}.Debug|x64.ActiveCfg = Debug|Any CPU
		{1246C913-253E-4B55-830E-F272514BC4C3}.Debug|x64.Build.0 = Debug|Any CPU
		{1246C913-253E-4B55-830E-F272514BC4C3}.Debug|x86.ActiveCfg = Debug|Any CPU
		{1246C913-253E-4B55-830E-F272514BC4C3}.Debug|x86.Build.0 = Debug|Any CPU
		{1246C913-253E-4B55-830E-F272514BC4C3}.Release|Any CPU.ActiveCfg = Release|Any CPU
		{1246C913-253E-4B55-830E-F272514BC4C3}.Release|Any CPU.Build.0 = Release|Any CPU
		{1246C913-253E-4B55-830E-F272514BC4C3}.Release|x64.ActiveCfg = Release|Any CPU
		{1246C913-253E-4B55-830E-F272514BC4C3}.Release|x64.Build.0 = Release|Any CPU
		{1246C913-253E-4B55-830E-F272514BC4C3}.Release|x86.ActiveCfg = Release|Any CPU
		{1246C913-253E-4B55-830E-F272514BC4C3}.Release|x86.Build.0 = Release|Any CPU
		{2CAAC1BC-651C-4BD1-BB9E-567D7A70368B}.Debug|Any CPU.ActiveCfg = Debug|Any CPU
		{2CAAC1BC-651C-4BD1-BB9E-567D7A70368B}.Debug|Any CPU.Build.0 = Debug|Any CPU
		{2CAAC1BC-651C-4BD1-BB9E-567D7A70368B}.Debug|x64.ActiveCfg = Debug|Any CPU
		{2CAAC1BC-651C-4BD1-BB9E-567D7A70368B}.Debug|x64.Build.0 = Debug|Any CPU
		{2CAAC1BC-651C-4BD1-BB9E-567D7A70368B}.Debug|x86.ActiveCfg = Debug|Any CPU
		{2CAAC1BC-651C-4BD1-BB9E-567D7A70368B}.Debug|x86.Build.0 = Debug|Any CPU
		{2CAAC1BC-651C-4BD1-BB9E-567D7A70368B}.Release|Any CPU.ActiveCfg = Release|Any CPU
		{2CAAC1BC-651C-4BD1-BB9E-567D7A70368B}.Release|Any CPU.Build.0 = Release|Any CPU
		{2CAAC1BC-651C-4BD1-BB9E-567D7A70368B}.Release|x64.ActiveCfg = Release|Any CPU
		{2CAAC1BC-651C-4BD1-BB9E-567D7A70368B}.Release|x64.Build.0 = Release|Any CPU
		{2CAAC1BC-651C-4BD1-BB9E-567D7A70368B}.Release|x86.ActiveCfg = Release|Any CPU
		{2CAAC1BC-651C-4BD1-BB9E-567D7A70368B}.Release|x86.Build.0 = Release|Any CPU
		{FA1D254C-9118-482A-81F6-A84966DA8CB2}.Debug|Any CPU.ActiveCfg = Debug|Any CPU
		{FA1D254C-9118-482A-81F6-A84966DA8CB2}.Debug|Any CPU.Build.0 = Debug|Any CPU
		{FA1D254C-9118-482A-81F6-A84966DA8CB2}.Debug|x64.ActiveCfg = Debug|Any CPU
		{FA1D254C-9118-482A-81F6-A84966DA8CB2}.Debug|x64.Build.0 = Debug|Any CPU
		{FA1D254C-9118-482A-81F6-A84966DA8CB2}.Debug|x86.ActiveCfg = Debug|Any CPU
		{FA1D254C-9118-482A-81F6-A84966DA8CB2}.Debug|x86.Build.0 = Debug|Any CPU
		{FA1D254C-9118-482A-81F6-A84966DA8CB2}.Release|Any CPU.ActiveCfg = Release|Any CPU
		{FA1D254C-9118-482A-81F6-A84966DA8CB2}.Release|Any CPU.Build.0 = Release|Any CPU
		{FA1D254C-9118-482A-81F6-A84966DA8CB2}.Release|x64.ActiveCfg = Release|Any CPU
		{FA1D254C-9118-482A-81F6-A84966DA8CB2}.Release|x64.Build.0 = Release|Any CPU
		{FA1D254C-9118-482A-81F6-A84966DA8CB2}.Release|x86.ActiveCfg = Release|Any CPU
		{FA1D254C-9118-482A-81F6-A84966DA8CB2}.Release|x86.Build.0 = Release|Any CPU
		{43D17DC9-8701-495F-BB5F-2FE9EF9129ED}.Debug|Any CPU.ActiveCfg = Debug|Any CPU
		{43D17DC9-8701-495F-BB5F-2FE9EF9129ED}.Debug|Any CPU.Build.0 = Debug|Any CPU
		{43D17DC9-8701-495F-BB5F-2FE9EF9129ED}.Debug|x64.ActiveCfg = Debug|Any CPU
		{43D17DC9-8701-495F-BB5F-2FE9EF9129ED}.Debug|x64.Build.0 = Debug|Any CPU
		{43D17DC9-8701-495F-BB5F-2FE9EF9129ED}.Debug|x86.ActiveCfg = Debug|Any CPU
		{43D17DC9-8701-495F-BB5F-2FE9EF9129ED}.Debug|x86.Build.0 = Debug|Any CPU
		{43D17DC9-8701-495F-BB5F-2FE9EF9129ED}.Release|Any CPU.ActiveCfg = Release|Any CPU
		{43D17DC9-8701-495F-BB5F-2FE9EF9129ED}.Release|Any CPU.Build.0 = Release|Any CPU
		{43D17DC9-8701-495F-BB5F-2FE9EF9129ED}.Release|x64.ActiveCfg = Release|Any CPU
		{43D17DC9-8701-495F-BB5F-2FE9EF9129ED}.Release|x64.Build.0 = Release|Any CPU
		{43D17DC9-8701-495F-BB5F-2FE9EF9129ED}.Release|x86.ActiveCfg = Release|Any CPU
		{43D17DC9-8701-495F-BB5F-2FE9EF9129ED}.Release|x86.Build.0 = Release|Any CPU
		{317C03D8-F7AB-47A5-B2CF-4179C65C9A14}.Debug|Any CPU.ActiveCfg = Debug|Any CPU
		{317C03D8-F7AB-47A5-B2CF-4179C65C9A14}.Debug|Any CPU.Build.0 = Debug|Any CPU
		{317C03D8-F7AB-47A5-B2CF-4179C65C9A14}.Debug|x64.ActiveCfg = Debug|Any CPU
		{317C03D8-F7AB-47A5-B2CF-4179C65C9A14}.Debug|x64.Build.0 = Debug|Any CPU
		{317C03D8-F7AB-47A5-B2CF-4179C65C9A14}.Debug|x86.ActiveCfg = Debug|Any CPU
		{317C03D8-F7AB-47A5-B2CF-4179C65C9A14}.Debug|x86.Build.0 = Debug|Any CPU
		{317C03D8-F7AB-47A5-B2CF-4179C65C9A14}.Release|Any CPU.ActiveCfg = Release|Any CPU
		{317C03D8-F7AB-47A5-B2CF-4179C65C9A14}.Release|Any CPU.Build.0 = Release|Any CPU
		{317C03D8-F7AB-47A5-B2CF-4179C65C9A14}.Release|x64.ActiveCfg = Release|Any CPU
		{317C03D8-F7AB-47A5-B2CF-4179C65C9A14}.Release|x64.Build.0 = Release|Any CPU
		{317C03D8-F7AB-47A5-B2CF-4179C65C9A14}.Release|x86.ActiveCfg = Release|Any CPU
		{317C03D8-F7AB-47A5-B2CF-4179C65C9A14}.Release|x86.Build.0 = Release|Any CPU
		{4993DA4E-4627-47AB-920A-82F979D8B4A4}.Debug|Any CPU.ActiveCfg = Debug|Any CPU
		{4993DA4E-4627-47AB-920A-82F979D8B4A4}.Debug|Any CPU.Build.0 = Debug|Any CPU
		{4993DA4E-4627-47AB-920A-82F979D8B4A4}.Debug|x64.ActiveCfg = Debug|Any CPU
		{4993DA4E-4627-47AB-920A-82F979D8B4A4}.Debug|x64.Build.0 = Debug|Any CPU
		{4993DA4E-4627-47AB-920A-82F979D8B4A4}.Debug|x86.ActiveCfg = Debug|Any CPU
		{4993DA4E-4627-47AB-920A-82F979D8B4A4}.Debug|x86.Build.0 = Debug|Any CPU
		{4993DA4E-4627-47AB-920A-82F979D8B4A4}.Release|Any CPU.ActiveCfg = Release|Any CPU
		{4993DA4E-4627-47AB-920A-82F979D8B4A4}.Release|Any CPU.Build.0 = Release|Any CPU
		{4993DA4E-4627-47AB-920A-82F979D8B4A4}.Release|x64.ActiveCfg = Release|Any CPU
		{4993DA4E-4627-47AB-920A-82F979D8B4A4}.Release|x64.Build.0 = Release|Any CPU
		{4993DA4E-4627-47AB-920A-82F979D8B4A4}.Release|x86.ActiveCfg = Release|Any CPU
		{4993DA4E-4627-47AB-920A-82F979D8B4A4}.Release|x86.Build.0 = Release|Any CPU
	EndGlobalSection
	GlobalSection(SolutionProperties) = preSolution
		HideSolutionNode = FALSE
	EndGlobalSection
	GlobalSection(NestedProjects) = preSolution
		{1246C913-253E-4B55-830E-F272514BC4C3} = {827E0CD3-B72D-47B6-A68D-7590B98EB39B}
		{2CAAC1BC-651C-4BD1-BB9E-567D7A70368B} = {827E0CD3-B72D-47B6-A68D-7590B98EB39B}
		{FA1D254C-9118-482A-81F6-A84966DA8CB2} = {827E0CD3-B72D-47B6-A68D-7590B98EB39B}
		{43D17DC9-8701-495F-BB5F-2FE9EF9129ED} = {827E0CD3-B72D-47B6-A68D-7590B98EB39B}
		{317C03D8-F7AB-47A5-B2CF-4179C65C9A14} = {0AB3BF05-4346-4AA6-1389-037BE0695223}
		{4993DA4E-4627-47AB-920A-82F979D8B4A4} = {0AB3BF05-4346-4AA6-1389-037BE0695223}
	EndGlobalSection
EndGlobal
